
Microsoft Visual Studio Solution File, Format Version 12.00
# Visual Studio 15
Project("{FAE04EC0-301F-11D3-BF4B-00C04F79EFBC}") = "DesignPatterns", "DesignPatterns\DesignPatterns.csproj", "{86677D24-DF32-4235-AD2E-A087DE2C6560}"
EndProject
Project("{FAE04EC0-301F-11D3-BF4B-00C04F79EFBC}") = "ConsolePro", "ConsolePro\ConsolePro.csproj", "{08AEA703-6D31-418E-9FB8-1A4DB5F2191B}"
EndProject
Global
	GlobalSection(SolutionConfigurationPlatforms) = preSolution
		Debug|Any CPU = Debug|Any CPU
		Release|Any CPU = Release|Any CPU
	EndGlobalSection
	GlobalSection(ProjectConfigurationPlatforms) = postSolution
		{86677D24-DF32-4235-AD2E-A087DE2C6560}.Debug|Any CPU.ActiveCfg = Debug|Any CPU
		{86677D24-DF32-4235-AD2E-A087DE2C6560}.Debug|Any CPU.Build.0 = Debug|Any CPU
		{86677D24-DF32-4235-AD2E-A087DE2C6560}.Release|Any CPU.ActiveCfg = Release|Any CPU
		{86677D24-DF32-4235-AD2E-A087DE2C6560}.Release|Any CPU.Build.0 = Release|Any CPU
		{08AEA703-6D31-418E-9FB8-1A4DB5F2191B}.Debug|Any CPU.ActiveCfg = Debug|Any CPU
		{08AEA703-6D31-418E-9FB8-1A4DB5F2191B}.Debug|Any CPU.Build.0 = Debug|Any CPU
		{08AEA703-6D31-418E-9FB8-1A4DB5F2191B}.Release|Any CPU.ActiveCfg = Release|Any CPU
		{08AEA703-6D31-418E-9FB8-1A4DB5F2191B}.Release|Any CPU.Build.0 = Release|Any CPU
	EndGlobalSection
EndGlobal
